<?xml version="1.0" encoding="utf-8"?>
<Project ToolsVersion="4.0" xmlns="http://schemas.microsoft.com/developer/msbuild/2003">
  <ItemGroup>
    <Filter Include="Source Files">
      <UniqueIdentifier>{4FC737F1-C7A5-4376-A066-2A32D752A2FF}</UniqueIdentifier>
      <Extensions>cpp;c;cc;cxx;def;odl;idl;hpj;bat;asm;asmx</Extensions>
    </Filter>
    <Filter Include="Header Files">
      <UniqueIdentifier>{93995380-89BD-4b04-88EB-625FBE52EBFB}</UniqueIdentifier>
      <Extensions>h;hh;hpp;hxx;hm;inl;inc;xsd</Extensions>
    </Filter>
    <Filter Include="Resource Files">
      <UniqueIdentifier>{67DA6AB6-F800-4c08-8B7A-83BB121AAD01}</UniqueIdentifier>
      <Extensions>rc;ico;cur;bmp;dlg;rc2;rct;bin;rgs;gif;jpg;jpeg;jpe;resx;tiff;tif;png;wav;mfcribbon-ms</Extensions>
    </Filter>
  </ItemGroup>
  <ItemGroup>
    <Text Include="ReadMe.txt" />
  </ItemGroup>
  <ItemGroup>
    <ClInclude Include="stdafx.h">
      <Filter>Header Files</Filter>
    </ClInclude>
    <ClInclude Include="targetver.h">
      <Filter>Header Files</Filter>
    </ClInclude>
    <ClInclude Include="DuelingBandit.h">
      <Filter>Header Files</Filter>
    </ClInclude>
    <ClInclude Include="Alg.h">
      <Filter>Header Files</Filter>
    </ClInclude>
    <ClInclude Include="Alg_RUCB.h">
      <Filter>Header Files</Filter>
    </ClInclude>
    <ClInclude Include="BetaDist.h">
      <Filter>Header Files</Filter>
    </ClInclude>
    <ClInclude Include="MAB.h">
      <Filter>Header Files</Filter>
    </ClInclude>
    <ClInclude Include="Results.h">
      <Filter>Header Files</Filter>
    </ClInclude>
    <ClInclude Include="Alg_DTS.h">
      <Filter>Header Files</Filter>
    </ClInclude>
    <ClInclude Include="Alg_RCS.h">
      <Filter>Header Files</Filter>
    </ClInclude>
    <ClInclude Include="Alg_CCB.h">
      <Filter>Header Files</Filter>
    </ClInclude>
    <ClInclude Include="Alg_BTM.h">
      <Filter>Header Files</Filter>
    </ClInclude>
    <ClInclude Include="Alg_SAVAGE.h">
      <Filter>Header Files</Filter>
    </ClInclude>
    <ClInclude Include="Alg_DTS2.h">
      <Filter>Header Files</Filter>
    </ClInclude>
    <ClInclude Include="Alg_RMED.h">
      <Filter>Header Files</Filter>
    </ClInclude>
    <ClInclude Include="Alg_SCB.h">
      <Filter>Header Files</Filter>
    </ClInclude>
    <ClInclude Include="MAB_singleAlg.h">
      <Filter>Header Files</Filter>
    </ClInclude>
    <ClInclude Include="Alg_MultiSBM.h">
      <Filter>Header Files</Filter>
    </ClInclude>
    <ClInclude Include="Alg_Sparring.h">
      <Filter>Header Files</Filter>
    </ClInclude>
    <ClInclude Include="SBM.h">
      <Filter>Header Files</Filter>
    </ClInclude>
    <ClInclude Include="Alg_ECWRMED.h">
      <Filter>Header Files</Filter>
    </ClInclude>
  </ItemGroup>
  <ItemGroup>
    <ClCompile Include="stdafx.cpp">
      <Filter>Source Files</Filter>
    </ClCompile>
    <ClCompile Include="Alg.cpp">
      <Filter>Source Files</Filter>
    </ClCompile>
    <ClCompile Include="Alg_RUCB.cpp">
      <Filter>Source Files</Filter>
    </ClCompile>
    <ClCompile Include="MAB.cpp">
      <Filter>Source Files</Filter>
    </ClCompile>
    <ClCompile Include="Results.cpp">
      <Filter>Source Files</Filter>
    </ClCompile>
    <ClCompile Include="Alg_DTS.cpp">
      <Filter>Source Files</Filter>
    </ClCompile>
    <ClCompile Include="Alg_RCS.cpp">
      <Filter>Source Files</Filter>
    </ClCompile>
    <ClCompile Include="Alg_CCB.cpp">
      <Filter>Source Files</Filter>
    </ClCompile>
    <ClCompile Include="Alg_BTM.cpp">
      <Filter>Source Files</Filter>
    </ClCompile>
    <ClCompile Include="Alg_SAVAGE.cpp">
      <Filter>Source Files</Filter>
    </ClCompile>
    <ClCompile Include="Alg_DTS2.cpp">
      <Filter>Source Files</Filter>
    </ClCompile>
    <ClCompile Include="Alg_RMED.cpp">
      <Filter>Source Files</Filter>
    </ClCompile>
    <ClCompile Include="Alg_SCB.cpp">
      <Filter>Source Files</Filter>
    </ClCompile>
    <ClCompile Include="MAB_singleAlg.cpp">
      <Filter>Source Files</Filter>
    </ClCompile>
    <ClCompile Include="DuelingBandit.cpp">
      <Filter>Source Files</Filter>
    </ClCompile>
    <ClCompile Include="Alg_MultiSBM.cpp">
      <Filter>Source Files</Filter>
    </ClCompile>
    <ClCompile Include="Alg_Sparring.cpp">
      <Filter>Source Files</Filter>
    </ClCompile>
    <ClCompile Include="SBM.cpp">
      <Filter>Source Files</Filter>
    </ClCompile>
    <ClCompile Include="Alg_ECWRMED.cpp">
      <Filter>Source Files</Filter>
    </ClCompile>
  </ItemGroup>
</Project>